{
  "name": "3nya.github.io",
  "lockfileVersion": 3,
  "requires": true,
  "packages": {
    "": {
      "dependencies": {
        "vim": "^0.1.0"
      }
    },
    "node_modules/vim": {
      "version": "0.1.0",
      "resolved": "https://registry.npmjs.org/vim/-/vim-0.1.0.tgz",
      "integrity": "sha512-tQNRomu+LJGGqpzvkmj52S3Q3qfSnf1PJzUzEomYQaoXB7puEOrbqqiK18Xc11z8Tk+c5zdRemX88c+E/bkVww==",
      "bin": {
        "vim": "bin/vim"
      }
    }
  }
}
